// !$*UTF8*$!
{
	archiveVersion = 1;
	classes = {
	};
	objectVersion = 77;
	objects = {

/* Begin PBXBuildFile section */
		874173E02D516B4600131B18 /* HRVWatch Watch App.app in Embed Watch Content */ = {isa = PBXBuildFile; fileRef = 874173BD2D516B4400131B18 /* HRVWatch Watch App.app */; settings = {ATTRIBUTES = (RemoveHeadersOnCopy, ); }; };
/* End PBXBuildFile section */

/* Begin PBXContainerItemProxy section */
		8741739D2D51677400131B18 /* PBXContainerItemProxy */ = {
			isa = PBXContainerItemProxy;
			containerPortal = 874173822D51677300131B18 /* Project object */;
			proxyType = 1;
			remoteGlobalIDString = 874173892D51677300131B18;
			remoteInfo = HRVConnectivityPrac;
		};
		874173A72D51677400131B18 /* PBXContainerItemProxy */ = {
			isa = PBXContainerItemProxy;
			containerPortal = 874173822D51677300131B18 /* Project object */;
			proxyType = 1;
			remoteGlobalIDString = 874173892D51677300131B18;
			remoteInfo = HRVConnectivityPrac;
		};
		874173CD2D516B4600131B18 /* PBXContainerItemProxy */ = {
			isa = PBXContainerItemProxy;
			containerPortal = 874173822D51677300131B18 /* Project object */;
			proxyType = 1;
			remoteGlobalIDString = 874173BC2D516B4400131B18;
			remoteInfo = "HRVWatch Watch App";
		};
		874173D72D516B4600131B18 /* PBXContainerItemProxy */ = {
			isa = PBXContainerItemProxy;
			containerPortal = 874173822D51677300131B18 /* Project object */;
			proxyType = 1;
			remoteGlobalIDString = 874173BC2D516B4400131B18;
			remoteInfo = "HRVWatch Watch App";
		};
		874173DE2D516B4600131B18 /* PBXContainerItemProxy */ = {
			isa = PBXContainerItemProxy;
			containerPortal = 874173822D51677300131B18 /* Project object */;
			proxyType = 1;
			remoteGlobalIDString = 874173BC2D516B4400131B18;
			remoteInfo = "HRVWatch Watch App";
		};
/* End PBXContainerItemProxy section */

/* Begin PBXCopyFilesBuildPhase section */
		874173E42D516B4600131B18 /* Embed Watch Content */ = {
			isa = PBXCopyFilesBuildPhase;
			buildActionMask = 2147483647;
			dstPath = "$(CONTENTS_FOLDER_PATH)/Watch";
			dstSubfolderSpec = 16;
			files = (
				874173E02D516B4600131B18 /* HRVWatch Watch App.app in Embed Watch Content */,
			);
			name = "Embed Watch Content";
			runOnlyForDeploymentPostprocessing = 0;
		};
/* End PBXCopyFilesBuildPhase section */

/* Begin PBXFileReference section */
		8741738A2D51677300131B18 /* HRVConnectivityPrac.app */ = {isa = PBXFileReference; explicitFileType = wrapper.application; includeInIndex = 0; path = HRVConnectivityPrac.app; sourceTree = BUILT_PRODUCTS_DIR; };
		8741739C2D51677400131B18 /* HRVConnectivityPracTests.xctest */ = {isa = PBXFileReference; explicitFileType = wrapper.cfbundle; includeInIndex = 0; path = HRVConnectivityPracTests.xctest; sourceTree = BUILT_PRODUCTS_DIR; };
		874173A62D51677400131B18 /* HRVConnectivityPracUITests.xctest */ = {isa = PBXFileReference; explicitFileType = wrapper.cfbundle; includeInIndex = 0; path = HRVConnectivityPracUITests.xctest; sourceTree = BUILT_PRODUCTS_DIR; };
		874173BD2D516B4400131B18 /* HRVWatch Watch App.app */ = {isa = PBXFileReference; explicitFileType = wrapper.application; includeInIndex = 0; path = "HRVWatch Watch App.app"; sourceTree = BUILT_PRODUCTS_DIR; };
		874173CC2D516B4600131B18 /* HRVWatch Watch AppTests.xctest */ = {isa = PBXFileReference; explicitFileType = wrapper.cfbundle; includeInIndex = 0; path = "HRVWatch Watch AppTests.xctest"; sourceTree = BUILT_PRODUCTS_DIR; };
		874173D62D516B4600131B18 /* HRVWatch Watch AppUITests.xctest */ = {isa = PBXFileReference; explicitFileType = wrapper.cfbundle; includeInIndex = 0; path = "HRVWatch Watch AppUITests.xctest"; sourceTree = BUILT_PRODUCTS_DIR; };
/* End PBXFileReference section */

/* Begin PBXFileSystemSynchronizedBuildFileExceptionSet section */
		280A76E42D5D4A5400EFB716 /* Exceptions for "HRVWatch Watch App" folder in "HRVConnectivityPrac" target */ = {
			isa = PBXFileSystemSynchronizedBuildFileExceptionSet;
			membershipExceptions = (
				Managers/DataSender.swift,
			);
			target = 874173892D51677300131B18 /* HRVConnectivityPrac */;
		};
		874174182D516C7D00131B18 /* Exceptions for "Shared" folder in "HRVWatch Watch App" target */ = {
			isa = PBXFileSystemSynchronizedBuildFileExceptionSet;
			membershipExceptions = (
				Core/EventDetectionManager.swift,
				Core/HRVCalculator.swift,
				Models/Event.swift,
			);
			target = 874173BC2D516B4400131B18 /* HRVWatch Watch App */;
		};
/* End PBXFileSystemSynchronizedBuildFileExceptionSet section */

/* Begin PBXFileSystemSynchronizedRootGroup section */
		8741738C2D51677300131B18 /* HRVConnectivityPrac */ = {
			isa = PBXFileSystemSynchronizedRootGroup;
			path = HRVConnectivityPrac;
			sourceTree = "<group>";
		};
		8741739F2D51677400131B18 /* HRVConnectivityPracTests */ = {
			isa = PBXFileSystemSynchronizedRootGroup;
			path = HRVConnectivityPracTests;
			sourceTree = "<group>";
		};
		874173A92D51677400131B18 /* HRVConnectivityPracUITests */ = {
			isa = PBXFileSystemSynchronizedRootGroup;
			path = HRVConnectivityPracUITests;
			sourceTree = "<group>";
		};
		874173BE2D516B4400131B18 /* HRVWatch Watch App */ = {
			isa = PBXFileSystemSynchronizedRootGroup;
			exceptions = (
				280A76E42D5D4A5400EFB716 /* Exceptions for "HRVWatch Watch App" folder in "HRVConnectivityPrac" target */,
			);
			path = "HRVWatch Watch App";
			sourceTree = "<group>";
		};
		874173CF2D516B4600131B18 /* HRVWatch Watch AppTests */ = {
			isa = PBXFileSystemSynchronizedRootGroup;
			path = "HRVWatch Watch AppTests";
			sourceTree = "<group>";
		};
		874173D92D516B4600131B18 /* HRVWatch Watch AppUITests */ = {
			isa = PBXFileSystemSynchronizedRootGroup;
			path = "HRVWatch Watch AppUITests";
			sourceTree = "<group>";
		};
		874173EB2D516BA800131B18 /* Shared */ = {
			isa = PBXFileSystemSynchronizedRootGroup;
			exceptions = (
				874174182D516C7D00131B18 /* Exceptions for "Shared" folder in "HRVWatch Watch App" target */,
			);
			path = Shared;
			sourceTree = "<group>";
		};
/* End PBXFileSystemSynchronizedRootGroup section */

/* Begin PBXFrameworksBuildPhase section */
		874173872D51677300131B18 /* Frameworks */ = {
			isa = PBXFrameworksBuildPhase;
			buildActionMask = 2147483647;
			files = (
			);
			runOnlyForDeploymentPostprocessing = 0;
		};
		874173992D51677400131B18 /* Frameworks */ = {
			isa = PBXFrameworksBuildPhase;
			buildActionMask = 2147483647;
			files = (
			);
			runOnlyForDeploymentPostprocessing = 0;
		};
		874173A32D51677400131B18 /* Frameworks */ = {
			isa = PBXFrameworksBuildPhase;
			buildActionMask = 2147483647;
			files = (
			);
			runOnlyForDeploymentPostprocessing = 0;
		};
		874173BA2D516B4400131B18 /* Frameworks */ = {
			isa = PBXFrameworksBuildPhase;
			buildActionMask = 2147483647;
			files = (
			);
			runOnlyForDeploymentPostprocessing = 0;
		};
		874173C92D516B4600131B18 /* Frameworks */ = {
			isa = PBXFrameworksBuildPhase;
			buildActionMask = 2147483647;
			files = (
			);
			runOnlyForDeploymentPostprocessing = 0;
		};
		874173D32D516B4600131B18 /* Frameworks */ = {
			isa = PBXFrameworksBuildPhase;
			buildActionMask = 2147483647;
			files = (
			);
			runOnlyForDeploymentPostprocessing = 0;
		};
/* End PBXFrameworksBuildPhase section */

/* Begin PBXGroup section */
		874173812D51677300131B18 = {
			isa = PBXGroup;
			children = (
				874173EB2D516BA800131B18 /* Shared */,
				8741738C2D51677300131B18 /* HRVConnectivityPrac */,
				8741739F2D51677400131B18 /* HRVConnectivityPracTests */,
				874173A92D51677400131B18 /* HRVConnectivityPracUITests */,
				874173BE2D516B4400131B18 /* HRVWatch Watch App */,
				874173CF2D516B4600131B18 /* HRVWatch Watch AppTests */,
				874173D92D516B4600131B18 /* HRVWatch Watch AppUITests */,
				8741738B2D51677300131B18 /* Products */,
			);
			sourceTree = "<group>";
		};
		8741738B2D51677300131B18 /* Products */ = {
			isa = PBXGroup;
			children = (
				8741738A2D51677300131B18 /* HRVConnectivityPrac.app */,
				8741739C2D51677400131B18 /* HRVConnectivityPracTests.xctest */,
				874173A62D51677400131B18 /* HRVConnectivityPracUITests.xctest */,
				874173BD2D516B4400131B18 /* HRVWatch Watch App.app */,
				874173CC2D516B4600131B18 /* HRVWatch Watch AppTests.xctest */,
				874173D62D516B4600131B18 /* HRVWatch Watch AppUITests.xctest */,
			);
			name = Products;
			sourceTree = "<group>";
		};
/* End PBXGroup section */

/* Begin PBXNativeTarget section */
		874173892D51677300131B18 /* HRVConnectivityPrac */ = {
			isa = PBXNativeTarget;
			buildConfigurationList = 874173B02D51677400131B18 /* Build configuration list for PBXNativeTarget "HRVConnectivityPrac" */;
			buildPhases = (
				874173862D51677300131B18 /* Sources */,
				874173872D51677300131B18 /* Frameworks */,
				874173882D51677300131B18 /* Resources */,
				874173E42D516B4600131B18 /* Embed Watch Content */,
			);
			buildRules = (
			);
			dependencies = (
				874173DF2D516B4600131B18 /* PBXTargetDependency */,
			);
			fileSystemSynchronizedGroups = (
				8741738C2D51677300131B18 /* HRVConnectivityPrac */,
				874173EB2D516BA800131B18 /* Shared */,
			);
			name = HRVConnectivityPrac;
			packageProductDependencies = (
			);
			productName = HRVConnectivityPrac;
			productReference = 8741738A2D51677300131B18 /* HRVConnectivityPrac.app */;
			productType = "com.apple.product-type.application";
		};
		8741739B2D51677400131B18 /* HRVConnectivityPracTests */ = {
			isa = PBXNativeTarget;
			buildConfigurationList = 874173B32D51677400131B18 /* Build configuration list for PBXNativeTarget "HRVConnectivityPracTests" */;
			buildPhases = (
				874173982D51677400131B18 /* Sources */,
				874173992D51677400131B18 /* Frameworks */,
				8741739A2D51677400131B18 /* Resources */,
			);
			buildRules = (
			);
			dependencies = (
				8741739E2D51677400131B18 /* PBXTargetDependency */,
			);
			fileSystemSynchronizedGroups = (
				8741739F2D51677400131B18 /* HRVConnectivityPracTests */,
			);
			name = HRVConnectivityPracTests;
			packageProductDependencies = (
			);
			productName = HRVConnectivityPracTests;
			productReference = 8741739C2D51677400131B18 /* HRVConnectivityPracTests.xctest */;
			productType = "com.apple.product-type.bundle.unit-test";
		};
		874173A52D51677400131B18 /* HRVConnectivityPracUITests */ = {
			isa = PBXNativeTarget;
			buildConfigurationList = 874173B62D51677400131B18 /* Build configuration list for PBXNativeTarget "HRVConnectivityPracUITests" */;
			buildPhases = (
				874173A22D51677400131B18 /* Sources */,
				874173A32D51677400131B18 /* Frameworks */,
				874173A42D51677400131B18 /* Resources */,
			);
			buildRules = (
			);
			dependencies = (
				874173A82D51677400131B18 /* PBXTargetDependency */,
			);
			fileSystemSynchronizedGroups = (
				874173A92D51677400131B18 /* HRVConnectivityPracUITests */,
			);
			name = HRVConnectivityPracUITests;
			packageProductDependencies = (
			);
			productName = HRVConnectivityPracUITests;
			productReference = 874173A62D51677400131B18 /* HRVConnectivityPracUITests.xctest */;
			productType = "com.apple.product-type.bundle.ui-testing";
		};
		874173BC2D516B4400131B18 /* HRVWatch Watch App */ = {
			isa = PBXNativeTarget;
			buildConfigurationList = 874173E12D516B4600131B18 /* Build configuration list for PBXNativeTarget "HRVWatch Watch App" */;
			buildPhases = (
				874173B92D516B4400131B18 /* Sources */,
				874173BA2D516B4400131B18 /* Frameworks */,
				874173BB2D516B4400131B18 /* Resources */,
			);
			buildRules = (
			);
			dependencies = (
			);
			fileSystemSynchronizedGroups = (
				874173BE2D516B4400131B18 /* HRVWatch Watch App */,
			);
			name = "HRVWatch Watch App";
			packageProductDependencies = (
			);
			productName = "HRVWatch Watch App";
			productReference = 874173BD2D516B4400131B18 /* HRVWatch Watch App.app */;
			productType = "com.apple.product-type.application";
		};
		874173CB2D516B4600131B18 /* HRVWatch Watch AppTests */ = {
			isa = PBXNativeTarget;
			buildConfigurationList = 874173E52D516B4600131B18 /* Build configuration list for PBXNativeTarget "HRVWatch Watch AppTests" */;
			buildPhases = (
				874173C82D516B4600131B18 /* Sources */,
				874173C92D516B4600131B18 /* Frameworks */,
				874173CA2D516B4600131B18 /* Resources */,
			);
			buildRules = (
			);
			dependencies = (
				874173CE2D516B4600131B18 /* PBXTargetDependency */,
			);
			fileSystemSynchronizedGroups = (
				874173CF2D516B4600131B18 /* HRVWatch Watch AppTests */,
			);
			name = "HRVWatch Watch AppTests";
			packageProductDependencies = (
			);
			productName = "HRVWatch Watch AppTests";
			productReference = 874173CC2D516B4600131B18 /* HRVWatch Watch AppTests.xctest */;
			productType = "com.apple.product-type.bundle.unit-test";
		};
		874173D52D516B4600131B18 /* HRVWatch Watch AppUITests */ = {
			isa = PBXNativeTarget;
			buildConfigurationList = 874173E82D516B4600131B18 /* Build configuration list for PBXNativeTarget "HRVWatch Watch AppUITests" */;
			buildPhases = (
				874173D22D516B4600131B18 /* Sources */,
				874173D32D516B4600131B18 /* Frameworks */,
				874173D42D516B4600131B18 /* Resources */,
			);
			buildRules = (
			);
			dependencies = (
				874173D82D516B4600131B18 /* PBXTargetDependency */,
			);
			fileSystemSynchronizedGroups = (
				874173D92D516B4600131B18 /* HRVWatch Watch AppUITests */,
			);
			name = "HRVWatch Watch AppUITests";
			packageProductDependencies = (
			);
			productName = "HRVWatch Watch AppUITests";
			productReference = 874173D62D516B4600131B18 /* HRVWatch Watch AppUITests.xctest */;
			productType = "com.apple.product-type.bundle.ui-testing";
		};
/* End PBXNativeTarget section */

/* Begin PBXProject section */
		874173822D51677300131B18 /* Project object */ = {
			isa = PBXProject;
			attributes = {
				BuildIndependentTargetsInParallel = 1;
				LastSwiftUpdateCheck = 1610;
				LastUpgradeCheck = 1610;
				TargetAttributes = {
					874173892D51677300131B18 = {
						CreatedOnToolsVersion = 16.1;
					};
					8741739B2D51677400131B18 = {
						CreatedOnToolsVersion = 16.1;
						TestTargetID = 874173892D51677300131B18;
					};
					874173A52D51677400131B18 = {
						CreatedOnToolsVersion = 16.1;
						TestTargetID = 874173892D51677300131B18;
					};
					874173BC2D516B4400131B18 = {
						CreatedOnToolsVersion = 16.1;
					};
					874173CB2D516B4600131B18 = {
						CreatedOnToolsVersion = 16.1;
						TestTargetID = 874173BC2D516B4400131B18;
					};
					874173D52D516B4600131B18 = {
						CreatedOnToolsVersion = 16.1;
						TestTargetID = 874173BC2D516B4400131B18;
					};
				};
			};
			buildConfigurationList = 874173852D51677300131B18 /* Build configuration list for PBXProject "HRVConnectivityPrac" */;
			developmentRegion = en;
			hasScannedForEncodings = 0;
			knownRegions = (
				en,
				Base,
			);
			mainGroup = 874173812D51677300131B18;
			minimizedProjectReferenceProxies = 1;
			preferredProjectObjectVersion = 77;
			productRefGroup = 8741738B2D51677300131B18 /* Products */;
			projectDirPath = "";
			projectRoot = "";
			targets = (
				874173892D51677300131B18 /* HRVConnectivityPrac */,
				8741739B2D51677400131B18 /* HRVConnectivityPracTests */,
				874173A52D51677400131B18 /* HRVConnectivityPracUITests */,
				874173BC2D516B4400131B18 /* HRVWatch Watch App */,
				874173CB2D516B4600131B18 /* HRVWatch Watch AppTests */,
				874173D52D516B4600131B18 /* HRVWatch Watch AppUITests */,
			);
		};
/* End PBXProject section */

/* Begin PBXResourcesBuildPhase section */
		874173882D51677300131B18 /* Resources */ = {
			isa = PBXResourcesBuildPhase;
			buildActionMask = 2147483647;
			files = (
			);
			runOnlyForDeploymentPostprocessing = 0;
		};
		8741739A2D51677400131B18 /* Resources */ = {
			isa = PBXResourcesBuildPhase;
			buildActionMask = 2147483647;
			files = (
			);
			runOnlyForDeploymentPostprocessing = 0;
		};
		874173A42D51677400131B18 /* Resources */ = {
			isa = PBXResourcesBuildPhase;
			buildActionMask = 2147483647;
			files = (
			);
			runOnlyForDeploymentPostprocessing = 0;
		};
		874173BB2D516B4400131B18 /* Resources */ = {
			isa = PBXResourcesBuildPhase;
			buildActionMask = 2147483647;
			files = (
			);
			runOnlyForDeploymentPostprocessing = 0;
		};
		874173CA2D516B4600131B18 /* Resources */ = {
			isa = PBXResourcesBuildPhase;
			buildActionMask = 2147483647;
			files = (
			);
			runOnlyForDeploymentPostprocessing = 0;
		};
		874173D42D516B4600131B18 /* Resources */ = {
			isa = PBXResourcesBuildPhase;
			buildActionMask = 2147483647;
			files = (
			);
			runOnlyForDeploymentPostprocessing = 0;
		};
/* End PBXResourcesBuildPhase section */

/* Begin PBXSourcesBuildPhase section */
		874173862D51677300131B18 /* Sources */ = {
			isa = PBXSourcesBuildPhase;
			buildActionMask = 2147483647;
			files = (
			);
			runOnlyForDeploymentPostprocessing = 0;
		};
		874173982D51677400131B18 /* Sources */ = {
			isa = PBXSourcesBuildPhase;
			buildActionMask = 2147483647;
			files = (
			);
			runOnlyForDeploymentPostprocessing = 0;
		};
		874173A22D51677400131B18 /* Sources */ = {
			isa = PBXSourcesBuildPhase;
			buildActionMask = 2147483647;
			files = (
			);
			runOnlyForDeploymentPostprocessing = 0;
		};
		874173B92D516B4400131B18 /* Sources */ = {
			isa = PBXSourcesBuildPhase;
			buildActionMask = 2147483647;
			files = (
			);
			runOnlyForDeploymentPostprocessing = 0;
		};
		874173C82D516B4600131B18 /* Sources */ = {
			isa = PBXSourcesBuildPhase;
			buildActionMask = 2147483647;
			files = (
			);
			runOnlyForDeploymentPostprocessing = 0;
		};
		874173D22D516B4600131B18 /* Sources */ = {
			isa = PBXSourcesBuildPhase;
			buildActionMask = 2147483647;
			files = (
			);
			runOnlyForDeploymentPostprocessing = 0;
		};
/* End PBXSourcesBuildPhase section */

/* Begin PBXTargetDependency section */
		8741739E2D51677400131B18 /* PBXTargetDependency */ = {
			isa = PBXTargetDependency;
			target = 874173892D51677300131B18 /* HRVConnectivityPrac */;
			targetProxy = 8741739D2D51677400131B18 /* PBXContainerItemProxy */;
		};
		874173A82D51677400131B18 /* PBXTargetDependency */ = {
			isa = PBXTargetDependency;
			target = 874173892D51677300131B18 /* HRVConnectivityPrac */;
			targetProxy = 874173A72D51677400131B18 /* PBXContainerItemProxy */;
		};
		874173CE2D516B4600131B18 /* PBXTargetDependency */ = {
			isa = PBXTargetDependency;
			target = 874173BC2D516B4400131B18 /* HRVWatch Watch App */;
			targetProxy = 874173CD2D516B4600131B18 /* PBXContainerItemProxy */;
		};
		874173D82D516B4600131B18 /* PBXTargetDependency */ = {
			isa = PBXTargetDependency;
			target = 874173BC2D516B4400131B18 /* HRVWatch Watch App */;
			targetProxy = 874173D72D516B4600131B18 /* PBXContainerItemProxy */;
		};
		874173DF2D516B4600131B18 /* PBXTargetDependency */ = {
			isa = PBXTargetDependency;
			target = 874173BC2D516B4400131B18 /* HRVWatch Watch App */;
			targetProxy = 874173DE2D516B4600131B18 /* PBXContainerItemProxy */;
		};
/* End PBXTargetDependency section */

/* Begin XCBuildConfiguration section */
		874173AE2D51677400131B18 /* Debug */ = {
			isa = XCBuildConfiguration;
			buildSettings = {
				ALWAYS_SEARCH_USER_PATHS = NO;
				ASSETCATALOG_COMPILER_GENERATE_SWIFT_ASSET_SYMBOL_EXTENSIONS = YES;
				CLANG_ANALYZER_NONNULL = YES;
				CLANG_ANALYZER_NUMBER_OBJECT_CONVERSION = YES_AGGRESSIVE;
				CLANG_CXX_LANGUAGE_STANDARD = "gnu++20";
				CLANG_ENABLE_MODULES = YES;
				CLANG_ENABLE_OBJC_ARC = YES;
				CLANG_ENABLE_OBJC_WEAK = YES;
				CLANG_WARN_BLOCK_CAPTURE_AUTORELEASING = YES;
				CLANG_WARN_BOOL_CONVERSION = YES;
				CLANG_WARN_COMMA = YES;
				CLANG_WARN_CONSTANT_CONVERSION = YES;
				CLANG_WARN_DEPRECATED_OBJC_IMPLEMENTATIONS = YES;
				CLANG_WARN_DIRECT_OBJC_ISA_USAGE = YES_ERROR;
				CLANG_WARN_DOCUMENTATION_COMMENTS = YES;
				CLANG_WARN_EMPTY_BODY = YES;
				CLANG_WARN_ENUM_CONVERSION = YES;
				CLANG_WARN_INFINITE_RECURSION = YES;
				CLANG_WARN_INT_CONVERSION = YES;
				CLANG_WARN_NON_LITERAL_NULL_CONVERSION = YES;
				CLANG_WARN_OBJC_IMPLICIT_RETAIN_SELF = YES;
				CLANG_WARN_OBJC_LITERAL_CONVERSION = YES;
				CLANG_WARN_OBJC_ROOT_CLASS = YES_ERROR;
				CLANG_WARN_QUOTED_INCLUDE_IN_FRAMEWORK_HEADER = YES;
				CLANG_WARN_RANGE_LOOP_ANALYSIS = YES;
				CLANG_WARN_STRICT_PROTOTYPES = YES;
				CLANG_WARN_SUSPICIOUS_MOVE = YES;
				CLANG_WARN_UNGUARDED_AVAILABILITY = YES_AGGRESSIVE;
				CLANG_WARN_UNREACHABLE_CODE = YES;
				CLANG_WARN__DUPLICATE_METHOD_MATCH = YES;
				COPY_PHASE_STRIP = NO;
				DEBUG_INFORMATION_FORMAT = dwarf;
				ENABLE_STRICT_OBJC_MSGSEND = YES;
				ENABLE_TESTABILITY = YES;
				ENABLE_USER_SCRIPT_SANDBOXING = YES;
				GCC_C_LANGUAGE_STANDARD = gnu17;
				GCC_DYNAMIC_NO_PIC = NO;
				GCC_NO_COMMON_BLOCKS = YES;
				GCC_OPTIMIZATION_LEVEL = 0;
				GCC_PREPROCESSOR_DEFINITIONS = (
					"DEBUG=1",
					"$(inherited)",
				);
				GCC_WARN_64_TO_32_BIT_CONVERSION = YES;
				GCC_WARN_ABOUT_RETURN_TYPE = YES_ERROR;
				GCC_WARN_UNDECLARED_SELECTOR = YES;
				GCC_WARN_UNINITIALIZED_AUTOS = YES_AGGRESSIVE;
				GCC_WARN_UNUSED_FUNCTION = YES;
				GCC_WARN_UNUSED_VARIABLE = YES;
				IPHONEOS_DEPLOYMENT_TARGET = 18.1;
				LOCALIZATION_PREFERS_STRING_CATALOGS = YES;
				MTL_ENABLE_DEBUG_INFO = INCLUDE_SOURCE;
				MTL_FAST_MATH = YES;
				ONLY_ACTIVE_ARCH = YES;
				SDKROOT = iphoneos;
				SWIFT_ACTIVE_COMPILATION_CONDITIONS = "DEBUG $(inherited)";
				SWIFT_OPTIMIZATION_LEVEL = "-Onone";
			};
			name = Debug;
		};
		874173AF2D51677400131B18 /* Release */ = {
			isa = XCBuildConfiguration;
			buildSettings = {
				ALWAYS_SEARCH_USER_PATHS = NO;
				ASSETCATALOG_COMPILER_GENERATE_SWIFT_ASSET_SYMBOL_EXTENSIONS = YES;
				CLANG_ANALYZER_NONNULL = YES;
				CLANG_ANALYZER_NUMBER_OBJECT_CONVERSION = YES_AGGRESSIVE;
				CLANG_CXX_LANGUAGE_STANDARD = "gnu++20";
				CLANG_ENABLE_MODULES = YES;
				CLANG_ENABLE_OBJC_ARC = YES;
				CLANG_ENABLE_OBJC_WEAK = YES;
				CLANG_WARN_BLOCK_CAPTURE_AUTORELEASING = YES;
				CLANG_WARN_BOOL_CONVERSION = YES;
				CLANG_WARN_COMMA = YES;
				CLANG_WARN_CONSTANT_CONVERSION = YES;
				CLANG_WARN_DEPRECATED_OBJC_IMPLEMENTATIONS = YES;
				CLANG_WARN_DIRECT_OBJC_ISA_USAGE = YES_ERROR;
				CLANG_WARN_DOCUMENTATION_COMMENTS = YES;
				CLANG_WARN_EMPTY_BODY = YES;
				CLANG_WARN_ENUM_CONVERSION = YES;
				CLANG_WARN_INFINITE_RECURSION = YES;
				CLANG_WARN_INT_CONVERSION = YES;
				CLANG_WARN_NON_LITERAL_NULL_CONVERSION = YES;
				CLANG_WARN_OBJC_IMPLICIT_RETAIN_SELF = YES;
				CLANG_WARN_OBJC_LITERAL_CONVERSION = YES;
				CLANG_WARN_OBJC_ROOT_CLASS = YES_ERROR;
				CLANG_WARN_QUOTED_INCLUDE_IN_FRAMEWORK_HEADER = YES;
				CLANG_WARN_RANGE_LOOP_ANALYSIS = YES;
				CLANG_WARN_STRICT_PROTOTYPES = YES;
				CLANG_WARN_SUSPICIOUS_MOVE = YES;
				CLANG_WARN_UNGUARDED_AVAILABILITY = YES_AGGRESSIVE;
				CLANG_WARN_UNREACHABLE_CODE = YES;
				CLANG_WARN__DUPLICATE_METHOD_MATCH = YES;
				COPY_PHASE_STRIP = NO;
				DEBUG_INFORMATION_FORMAT = "dwarf-with-dsym";
				ENABLE_NS_ASSERTIONS = NO;
				ENABLE_STRICT_OBJC_MSGSEND = YES;
				ENABLE_USER_SCRIPT_SANDBOXING = YES;
				GCC_C_LANGUAGE_STANDARD = gnu17;
				GCC_NO_COMMON_BLOCKS = YES;
				GCC_WARN_64_TO_32_BIT_CONVERSION = YES;
				GCC_WARN_ABOUT_RETURN_TYPE = YES_ERROR;
				GCC_WARN_UNDECLARED_SELECTOR = YES;
				GCC_WARN_UNINITIALIZED_AUTOS = YES_AGGRESSIVE;
				GCC_WARN_UNUSED_FUNCTION = YES;
				GCC_WARN_UNUSED_VARIABLE = YES;
				IPHONEOS_DEPLOYMENT_TARGET = 18.1;
				LOCALIZATION_PREFERS_STRING_CATALOGS = YES;
				MTL_ENABLE_DEBUG_INFO = NO;
				MTL_FAST_MATH = YES;
				SDKROOT = iphoneos;
				SWIFT_COMPILATION_MODE = wholemodule;
				VALIDATE_PRODUCT = YES;
			};
			name = Release;
		};
		874173B12D51677400131B18 /* Debug */ = {
			isa = XCBuildConfiguration;
			buildSettings = {
				ASSETCATALOG_COMPILER_APPICON_NAME = AppIcon;
				ASSETCATALOG_COMPILER_GLOBAL_ACCENT_COLOR_NAME = AccentColor;
				CODE_SIGN_STYLE = Automatic;
				CURRENT_PROJECT_VERSION = 1;
				DEVELOPMENT_ASSET_PATHS = "\"HRVConnectivityPrac/Preview Content\"";
				DEVELOPMENT_TEAM = 7ZTT37X4QG;
				ENABLE_PREVIEWS = YES;
				GENERATE_INFOPLIST_FILE = YES;
				INFOPLIST_KEY_UIApplicationSceneManifest_Generation = YES;
				INFOPLIST_KEY_UIApplicationSupportsIndirectInputEvents = YES;
				INFOPLIST_KEY_UILaunchScreen_Generation = YES;
				INFOPLIST_KEY_UISupportedInterfaceOrientations_iPad = "UIInterfaceOrientationPortrait UIInterfaceOrientationPortraitUpsideDown UIInterfaceOrientationLandscapeLeft UIInterfaceOrientationLandscapeRight";
				INFOPLIST_KEY_UISupportedInterfaceOrientations_iPhone = "UIInterfaceOrientationPortrait UIInterfaceOrientationLandscapeLeft UIInterfaceOrientationLandscapeRight";
				LD_RUNPATH_SEARCH_PATHS = (
					"$(inherited)",
					"@executable_path/Frameworks",
				);
				MARKETING_VERSION = 1.0;
				PRODUCT_BUNDLE_IDENTIFIER = EWU.HRVConnectivityPracV2;
				PRODUCT_NAME = "$(TARGET_NAME)";
				SWIFT_EMIT_LOC_STRINGS = YES;
				SWIFT_VERSION = 5.0;
				TARGETED_DEVICE_FAMILY = "1,2";
			};
			name = Debug;
		};
		874173B22D51677400131B18 /* Release */ = {
			isa = XCBuildConfiguration;
			buildSettings = {
				ASSETCATALOG_COMPILER_APPICON_NAME = AppIcon;
				ASSETCATALOG_COMPILER_GLOBAL_ACCENT_COLOR_NAME = AccentColor;
				CODE_SIGN_STYLE = Automatic;
				CURRENT_PROJECT_VERSION = 1;
				DEVELOPMENT_ASSET_PATHS = "\"HRVConnectivityPrac/Preview Content\"";
				DEVELOPMENT_TEAM = 7ZTT37X4QG;
				ENABLE_PREVIEWS = YES;
				GENERATE_INFOPLIST_FILE = YES;
				INFOPLIST_KEY_UIApplicationSceneManifest_Generation = YES;
				INFOPLIST_KEY_UIApplicationSupportsIndirectInputEvents = YES;
				INFOPLIST_KEY_UILaunchScreen_Generation = YES;
				INFOPLIST_KEY_UISupportedInterfaceOrientations_iPad = "UIInterfaceOrientationPortrait UIInterfaceOrientationPortraitUpsideDown UIInterfaceOrientationLandscapeLeft UIInterfaceOrientationLandscapeRight";
				INFOPLIST_KEY_UISupportedInterfaceOrientations_iPhone = "UIInterfaceOrientationPortrait UIInterfaceOrientationLandscapeLeft UIInterfaceOrientationLandscapeRight";
				LD_RUNPATH_SEARCH_PATHS = (
					"$(inherited)",
					"@executable_path/Frameworks",
				);
				MARKETING_VERSION = 1.0;
				PRODUCT_BUNDLE_IDENTIFIER = EWU.HRVConnectivityPracV2;
				PRODUCT_NAME = "$(TARGET_NAME)";
				SWIFT_EMIT_LOC_STRINGS = YES;
				SWIFT_VERSION = 5.0;
				TARGETED_DEVICE_FAMILY = "1,2";
			};
			name = Release;
		};
		874173B42D51677400131B18 /* Debug */ = {
			isa = XCBuildConfiguration;
			buildSettings = {
				BUNDLE_LOADER = "$(TEST_HOST)";
				CODE_SIGN_STYLE = Automatic;
				CURRENT_PROJECT_VERSION = 1;
				DEVELOPMENT_TEAM = A83R25GQT7;
				GENERATE_INFOPLIST_FILE = YES;
				IPHONEOS_DEPLOYMENT_TARGET = 18.1;
				MARKETING_VERSION = 1.0;
				PRODUCT_BUNDLE_IDENTIFIER = EWU.HRVConnectivityPracTests;
				PRODUCT_NAME = "$(TARGET_NAME)";
				SWIFT_EMIT_LOC_STRINGS = NO;
				SWIFT_VERSION = 5.0;
				TARGETED_DEVICE_FAMILY = "1,2";
				TEST_HOST = "$(BUILT_PRODUCTS_DIR)/HRVConnectivityPrac.app/$(BUNDLE_EXECUTABLE_FOLDER_PATH)/HRVConnectivityPrac";
			};
			name = Debug;
		};
		874173B52D51677400131B18 /* Release */ = {
			isa = XCBuildConfiguration;
			buildSettings = {
				BUNDLE_LOADER = "$(TEST_HOST)";
				CODE_SIGN_STYLE = Automatic;
				CURRENT_PROJECT_VERSION = 1;
				DEVELOPMENT_TEAM = A83R25GQT7;
				GENERATE_INFOPLIST_FILE = YES;
				IPHONEOS_DEPLOYMENT_TARGET = 18.1;
				MARKETING_VERSION = 1.0;
				PRODUCT_BUNDLE_IDENTIFIER = EWU.HRVConnectivityPracTests;
				PRODUCT_NAME = "$(TARGET_NAME)";
				SWIFT_EMIT_LOC_STRINGS = NO;
				SWIFT_VERSION = 5.0;
				TARGETED_DEVICE_FAMILY = "1,2";
				TEST_HOST = "$(BUILT_PRODUCTS_DIR)/HRVConnectivityPrac.app/$(BUNDLE_EXECUTABLE_FOLDER_PATH)/HRVConnectivityPrac";
			};
			name = Release;
		};
		874173B72D51677400131B18 /* Debug */ = {
			isa = XCBuildConfiguration;
			buildSettings = {
				CODE_SIGN_STYLE = Automatic;
				CURRENT_PROJECT_VERSION = 1;
				DEVELOPMENT_TEAM = A83R25GQT7;
				GENERATE_INFOPLIST_FILE = YES;
				MARKETING_VERSION = 1.0;
				PRODUCT_BUNDLE_IDENTIFIER = EWU.HRVConnectivityPracUITests;
				PRODUCT_NAME = "$(TARGET_NAME)";
				SWIFT_EMIT_LOC_STRINGS = NO;
				SWIFT_VERSION = 5.0;
				TARGETED_DEVICE_FAMILY = "1,2";
				TEST_TARGET_NAME = HRVConnectivityPrac;
			};
			name = Debug;
		};
		874173B82D51677400131B18 /* Release */ = {
			isa = XCBuildConfiguration;
			buildSettings = {
				CODE_SIGN_STYLE = Automatic;
				CURRENT_PROJECT_VERSION = 1;
				DEVELOPMENT_TEAM = A83R25GQT7;
				GENERATE_INFOPLIST_FILE = YES;
				MARKETING_VERSION = 1.0;
				PRODUCT_BUNDLE_IDENTIFIER = EWU.HRVConnectivityPracUITests;
				PRODUCT_NAME = "$(TARGET_NAME)";
				SWIFT_EMIT_LOC_STRINGS = NO;
				SWIFT_VERSION = 5.0;
				TARGETED_DEVICE_FAMILY = "1,2";
				TEST_TARGET_NAME = HRVConnectivityPrac;
			};
			name = Release;
		};
		874173E22D516B4600131B18 /* Debug */ = {
			isa = XCBuildConfiguration;
			buildSettings = {
				ASSETCATALOG_COMPILER_APPICON_NAME = AppIcon;
				ASSETCATALOG_COMPILER_GLOBAL_ACCENT_COLOR_NAME = AccentColor;
				CODE_SIGN_ENTITLEMENTS = "HRVWatch Watch App/HRVWatch Watch App.entitlements";
				CODE_SIGN_STYLE = Automatic;
				CURRENT_PROJECT_VERSION = 1;
				DEVELOPMENT_ASSET_PATHS = "\"HRVWatch Watch App/Preview Content\"";
				DEVELOPMENT_TEAM = 7ZTT37X4QG;
				ENABLE_PREVIEWS = YES;
				GENERATE_INFOPLIST_FILE = YES;
				INFOPLIST_KEY_CFBundleDisplayName = HRVWatch;
				INFOPLIST_KEY_NSHealthShareUsageDescription = "This app needs access to Health data to display heart rate information.";
				INFOPLIST_KEY_UISupportedInterfaceOrientations = "UIInterfaceOrientationPortrait UIInterfaceOrientationPortraitUpsideDown";
				INFOPLIST_KEY_WKCompanionAppBundleIdentifier = EWU.HRVConnectivityPracV2;
				LD_RUNPATH_SEARCH_PATHS = (
					"$(inherited)",
					"@executable_path/Frameworks",
				);
				MARKETING_VERSION = 1.0;
				PRODUCT_BUNDLE_IDENTIFIER = EWU.HRVConnectivityPracV2.watchkitappV2;
				PRODUCT_NAME = "$(TARGET_NAME)";
				SDKROOT = watchos;
				SKIP_INSTALL = YES;
				SWIFT_EMIT_LOC_STRINGS = YES;
				SWIFT_VERSION = 5.0;
				TARGETED_DEVICE_FAMILY = 4;
				WATCHOS_DEPLOYMENT_TARGET = 10.6;
			};
			name = Debug;
		};
		874173E32D516B4600131B18 /* Release */ = {
			isa = XCBuildConfiguration;
			buildSettings = {
				ASSETCATALOG_COMPILER_APPICON_NAME = AppIcon;
				ASSETCATALOG_COMPILER_GLOBAL_ACCENT_COLOR_NAME = AccentColor;
				CODE_SIGN_ENTITLEMENTS = "HRVWatch Watch App/HRVWatch Watch App.entitlements";
				CODE_SIGN_STYLE = Automatic;
				CURRENT_PROJECT_VERSION = 1;
				DEVELOPMENT_ASSET_PATHS = "\"HRVWatch Watch App/Preview Content\"";
				DEVELOPMENT_TEAM = 7ZTT37X4QG;
				ENABLE_PREVIEWS = YES;
				GENERATE_INFOPLIST_FILE = YES;
				INFOPLIST_KEY_CFBundleDisplayName = HRVWatch;
				INFOPLIST_KEY_NSHealthShareUsageDescription = "This app needs access to Health data to display heart rate information.";
				INFOPLIST_KEY_UISupportedInterfaceOrientations = "UIInterfaceOrientationPortrait UIInterfaceOrientationPortraitUpsideDown";
				INFOPLIST_KEY_WKCompanionAppBundleIdentifier = EWU.HRVConnectivityPracV2;
				LD_RUNPATH_SEARCH_PATHS = (
					"$(inherited)",
					"@executable_path/Frameworks",
				);
				MARKETING_VERSION = 1.0;
				PRODUCT_BUNDLE_IDENTIFIER = EWU.HRVConnectivityPracV2.watchkitappV2;
				PRODUCT_NAME = "$(TARGET_NAME)";
				SDKROOT = watchos;
				SKIP_INSTALL = YES;
				SWIFT_EMIT_LOC_STRINGS = YES;
				SWIFT_VERSION = 5.0;
				TARGETED_DEVICE_FAMILY = 4;
				WATCHOS_DEPLOYMENT_TARGET = 10.6;
			};
			name = Release;
		};
		874173E62D516B4600131B18 /* Debug */ = {
			isa = XCBuildConfiguration;
			buildSettings = {
				BUNDLE_LOADER = "$(TEST_HOST)";
				CODE_SIGN_STYLE = Automatic;
				CURRENT_PROJECT_VERSION = 1;
				DEVELOPMENT_TEAM = A83R25GQT7;
				GENERATE_INFOPLIST_FILE = YES;
				MARKETING_VERSION = 1.0;
				PRODUCT_BUNDLE_IDENTIFIER = "EWU.HRVWatch-Watch-AppTests";
				PRODUCT_NAME = "$(TARGET_NAME)";
				SDKROOT = watchos;
				SWIFT_EMIT_LOC_STRINGS = NO;
				SWIFT_VERSION = 5.0;
				TARGETED_DEVICE_FAMILY = 4;
				TEST_HOST = "$(BUILT_PRODUCTS_DIR)/HRVWatch Watch App.app/$(BUNDLE_EXECUTABLE_FOLDER_PATH)/HRVWatch Watch App";
				WATCHOS_DEPLOYMENT_TARGET = 11.1;
			};
			name = Debug;
		};
		874173E72D516B4600131B18 /* Release */ = {
			isa = XCBuildConfiguration;
			buildSettings = {
				BUNDLE_LOADER = "$(TEST_HOST)";
				CODE_SIGN_STYLE = Automatic;
				CURRENT_PROJECT_VERSION = 1;
				DEVELOPMENT_TEAM = A83R25GQT7;
				GENERATE_INFOPLIST_FILE = YES;
				MARKETING_VERSION = 1.0;
				PRODUCT_BUNDLE_IDENTIFIER = "EWU.HRVWatch-Watch-AppTests";
				PRODUCT_NAME = "$(TARGET_NAME)";
				SDKROOT = watchos;
				SWIFT_EMIT_LOC_STRINGS = NO;
				SWIFT_VERSION = 5.0;
				TARGETED_DEVICE_FAMILY = 4;
				TEST_HOST = "$(BUILT_PRODUCTS_DIR)/HRVWatch Watch App.app/$(BUNDLE_EXECUTABLE_FOLDER_PATH)/HRVWatch Watch App";
				WATCHOS_DEPLOYMENT_TARGET = 11.1;
			};
			name = Release;
		};
		874173E92D516B4600131B18 /* Debug */ = {
			isa = XCBuildConfiguration;
			buildSettings = {
				CODE_SIGN_STYLE = Automatic;
				CURRENT_PROJECT_VERSION = 1;
				DEVELOPMENT_TEAM = A83R25GQT7;
				GENERATE_INFOPLIST_FILE = YES;
				MARKETING_VERSION = 1.0;
				PRODUCT_BUNDLE_IDENTIFIER = "EWU.HRVWatch-Watch-AppUITests";
				PRODUCT_NAME = "$(TARGET_NAME)";
				SDKROOT = watchos;
				SWIFT_EMIT_LOC_STRINGS = NO;
				SWIFT_VERSION = 5.0;
				TARGETED_DEVICE_FAMILY = 4;
				TEST_TARGET_NAME = "HRVWatch Watch App";
				WATCHOS_DEPLOYMENT_TARGET = 11.1;
			};
			name = Debug;
		};
		874173EA2D516B4600131B18 /* Release */ = {
			isa = XCBuildConfiguration;
			buildSettings = {
				CODE_SIGN_STYLE = Automatic;
				CURRENT_PROJECT_VERSION = 1;
				DEVELOPMENT_TEAM = A83R25GQT7;
				GENERATE_INFOPLIST_FILE = YES;
				MARKETING_VERSION = 1.0;
				PRODUCT_BUNDLE_IDENTIFIER = "EWU.HRVWatch-Watch-AppUITests";
				PRODUCT_NAME = "$(TARGET_NAME)";
				SDKROOT = watchos;
				SWIFT_EMIT_LOC_STRINGS = NO;
				SWIFT_VERSION = 5.0;
				TARGETED_DEVICE_FAMILY = 4;
				TEST_TARGET_NAME = "HRVWatch Watch App";
				WATCHOS_DEPLOYMENT_TARGET = 11.1;
			};
			name = Release;
		};
/* End XCBuildConfiguration section */

/* Begin XCConfigurationList section */
		874173852D51677300131B18 /* Build configuration list for PBXProject "HRVConnectivityPrac" */ = {
			isa = XCConfigurationList;
			buildConfigurations = (
				874173AE2D51677400131B18 /* Debug */,
				874173AF2D51677400131B18 /* Release */,
			);
			defaultConfigurationIsVisible = 0;
			defaultConfigurationName = Release;
		};
		874173B02D51677400131B18 /* Build configuration list for PBXNativeTarget "HRVConnectivityPrac" */ = {
			isa = XCConfigurationList;
			buildConfigurations = (
				874173B12D51677400131B18 /* Debug */,
				874173B22D51677400131B18 /* Release */,
			);
			defaultConfigurationIsVisible = 0;
			defaultConfigurationName = Release;
		};
		874173B32D51677400131B18 /* Build configuration list for PBXNativeTarget "HRVConnectivityPracTests" */ = {
			isa = XCConfigurationList;
			buildConfigurations = (
				874173B42D51677400131B18 /* Debug */,
				874173B52D51677400131B18 /* Release */,
			);
			defaultConfigurationIsVisible = 0;
			defaultConfigurationName = Release;
		};
		874173B62D51677400131B18 /* Build configuration list for PBXNativeTarget "HRVConnectivityPracUITests" */ = {
			isa = XCConfigurationList;
			buildConfigurations = (
				874173B72D51677400131B18 /* Debug */,
				874173B82D51677400131B18 /* Release */,
			);
			defaultConfigurationIsVisible = 0;
			defaultConfigurationName = Release;
		};
		874173E12D516B4600131B18 /* Build configuration list for PBXNativeTarget "HRVWatch Watch App" */ = {
			isa = XCConfigurationList;
			buildConfigurations = (
				874173E22D516B4600131B18 /* Debug */,
				874173E32D516B4600131B18 /* Release */,
			);
			defaultConfigurationIsVisible = 0;
			defaultConfigurationName = Release;
		};
		874173E52D516B4600131B18 /* Build configuration list for PBXNativeTarget "HRVWatch Watch AppTests" */ = {
			isa = XCConfigurationList;
			buildConfigurations = (
				874173E62D516B4600131B18 /* Debug */,
				874173E72D516B4600131B18 /* Release */,
			);
			defaultConfigurationIsVisible = 0;
			defaultConfigurationName = Release;
		};
		874173E82D516B4600131B18 /* Build configuration list for PBXNativeTarget "HRVWatch Watch AppUITests" */ = {
			isa = XCConfigurationList;
			buildConfigurations = (
				874173E92D516B4600131B18 /* Debug */,
				874173EA2D516B4600131B18 /* Release */,
			);
			defaultConfigurationIsVisible = 0;
			defaultConfigurationName = Release;
		};
/* End XCConfigurationList section */
	};
	rootObject = 874173822D51677300131B18 /* Project object */;
}
